
Microsoft Visual Studio Solution File, Format Version 12.00
# Visual Studio 15
VisualStudioVersion = 15.0.28307.902
MinimumVisualStudioVersion = 10.0.40219.1
Project("{FAE04EC0-301F-11D3-BF4B-00C04F79EFBC}") = "Withings2Gpx", "Withings2Gpx\Withings2Gpx.csproj", "{81CFF2C8-8B8C-4E2A-8572-1B8B1F69BF7F}"
EndProject
Global
	GlobalSection(SolutionConfigurationPlatforms) = preSolution
		Debug|Any CPU = Debug|Any CPU
		Release|Any CPU = Release|Any CPU
	EndGlobalSection
	GlobalSection(ProjectConfigurationPlatforms) = postSolution
		{81CFF2C8-8B8C-4E2A-8572-1B8B1F69BF7F}.Debug|Any CPU.ActiveCfg = Debug|Any CPU
		{81CFF2C8-8B8C-4E2A-8572-1B8B1F69BF7F}.Debug|Any CPU.Build.0 = Debug|Any CPU
		{81CFF2C8-8B8C-4E2A-8572-1B8B1F69BF7F}.Release|Any CPU.ActiveCfg = Release|Any CPU
		{81CFF2C8-8B8C-4E2A-8572-1B8B1F69BF7F}.Release|Any CPU.Build.0 = Release|Any CPU
	EndGlobalSection
	GlobalSection(SolutionProperties) = preSolution
		HideSolutionNode = FALSE
	EndGlobalSection
	GlobalSection(ExtensibilityGlobals) = postSolution
		SolutionGuid = {AD202CDE-3A92-4041-9C14-C75F97467541}
	EndGlobalSection
EndGlobal
