
Microsoft Visual Studio Solution File, Format Version 12.00
# Visual Studio Version 16
VisualStudioVersion = 16.0.29926.136
MinimumVisualStudioVersion = 10.0.40219.1
Project("{FAE04EC0-301F-11D3-BF4B-00C04F79EFBC}") = "Withings2Gpx", "Withings2Gpx\Withings2Gpx.csproj", "{81CFF2C8-8B8C-4E2A-8572-1B8B1F69BF7F}"
EndProject
Project("{9A19103F-16F7-4668-BE54-9A1E7A4F7556}") = "ConfigTools", "..\dev-wpsetup\WpSetup\ConfigTools\ConfigTools.csproj", "{5EAC8CFE-B29F-4B92-9E1C-7139B1D3D708}"
EndProject
Project("{9A19103F-16F7-4668-BE54-9A1E7A4F7556}") = "Sportsy.Data", "Sportsy.Data\Sportsy.Data.csproj", "{F84A851A-1C9A-4408-9182-C85623BB6976}"
EndProject
Project("{9A19103F-16F7-4668-BE54-9A1E7A4F7556}") = "Sportsy.WithingsHacks", "Sportsy.WithingsHacks\Sportsy.WithingsHacks.csproj", "{3B946B12-A1C3-443B-BC49-C622F587F4C3}"
EndProject
Project("{9A19103F-16F7-4668-BE54-9A1E7A4F7556}") = "Sportsy.Connections", "Sportsy.Connections\Sportsy.Connections.csproj", "{372947D1-F622-4608-9D66-6F628FE341E4}"
EndProject
Project("{9A19103F-16F7-4668-BE54-9A1E7A4F7556}") = "Sportsy.Core", "Sportsy.Core\Sportsy.Core.csproj", "{FCF58F19-CD27-4A31-A73D-0274F56D581D}"
EndProject
Project("{9A19103F-16F7-4668-BE54-9A1E7A4F7556}") = "Withings2Gpx.NetCore", "Withings2Gpx.NetCore\Withings2Gpx.NetCore.csproj", "{A469B45C-5503-42E7-BC76-9EAB1576B1CF}"
EndProject
Project("{FAE04EC0-301F-11D3-BF4B-00C04F79EFBC}") = "Sportsy.WebClient.Server", "Sportsy.WebClient\Server\Sportsy.WebClient.Server.csproj", "{27573764-81F8-4628-B5D2-4907FA0200CB}"
EndProject
Project("{FAE04EC0-301F-11D3-BF4B-00C04F79EFBC}") = "Sportsy.WebClient.Client", "Sportsy.WebClient\Client\Sportsy.WebClient.Client.csproj", "{3DB49BAE-5F4A-4627-900D-DBC1012F8E4D}"
EndProject
Project("{FAE04EC0-301F-11D3-BF4B-00C04F79EFBC}") = "Sportsy.WebClient.Shared", "Sportsy.WebClient\Shared\Sportsy.WebClient.Shared.csproj", "{77550C0A-872D-4FDE-8221-FF66860C02E2}"
EndProject
Global
	GlobalSection(SolutionConfigurationPlatforms) = preSolution
		Debug|Any CPU = Debug|Any CPU
		Release|Any CPU = Release|Any CPU
	EndGlobalSection
	GlobalSection(ProjectConfigurationPlatforms) = postSolution
		{81CFF2C8-8B8C-4E2A-8572-1B8B1F69BF7F}.Debug|Any CPU.ActiveCfg = Debug|Any CPU
		{81CFF2C8-8B8C-4E2A-8572-1B8B1F69BF7F}.Debug|Any CPU.Build.0 = Debug|Any CPU
		{81CFF2C8-8B8C-4E2A-8572-1B8B1F69BF7F}.Release|Any CPU.ActiveCfg = Release|Any CPU
		{81CFF2C8-8B8C-4E2A-8572-1B8B1F69BF7F}.Release|Any CPU.Build.0 = Release|Any CPU
		{5EAC8CFE-B29F-4B92-9E1C-7139B1D3D708}.Debug|Any CPU.ActiveCfg = Debug|Any CPU
		{5EAC8CFE-B29F-4B92-9E1C-7139B1D3D708}.Debug|Any CPU.Build.0 = Debug|Any CPU
		{5EAC8CFE-B29F-4B92-9E1C-7139B1D3D708}.Release|Any CPU.ActiveCfg = Release|Any CPU
		{5EAC8CFE-B29F-4B92-9E1C-7139B1D3D708}.Release|Any CPU.Build.0 = Release|Any CPU
		{F84A851A-1C9A-4408-9182-C85623BB6976}.Debug|Any CPU.ActiveCfg = Debug|Any CPU
		{F84A851A-1C9A-4408-9182-C85623BB6976}.Debug|Any CPU.Build.0 = Debug|Any CPU
		{F84A851A-1C9A-4408-9182-C85623BB6976}.Release|Any CPU.ActiveCfg = Release|Any CPU
		{F84A851A-1C9A-4408-9182-C85623BB6976}.Release|Any CPU.Build.0 = Release|Any CPU
		{3B946B12-A1C3-443B-BC49-C622F587F4C3}.Debug|Any CPU.ActiveCfg = Debug|Any CPU
		{3B946B12-A1C3-443B-BC49-C622F587F4C3}.Debug|Any CPU.Build.0 = Debug|Any CPU
		{3B946B12-A1C3-443B-BC49-C622F587F4C3}.Release|Any CPU.ActiveCfg = Release|Any CPU
		{3B946B12-A1C3-443B-BC49-C622F587F4C3}.Release|Any CPU.Build.0 = Release|Any CPU
		{372947D1-F622-4608-9D66-6F628FE341E4}.Debug|Any CPU.ActiveCfg = Debug|Any CPU
		{372947D1-F622-4608-9D66-6F628FE341E4}.Debug|Any CPU.Build.0 = Debug|Any CPU
		{372947D1-F622-4608-9D66-6F628FE341E4}.Release|Any CPU.ActiveCfg = Release|Any CPU
		{372947D1-F622-4608-9D66-6F628FE341E4}.Release|Any CPU.Build.0 = Release|Any CPU
		{FCF58F19-CD27-4A31-A73D-0274F56D581D}.Debug|Any CPU.ActiveCfg = Debug|Any CPU
		{FCF58F19-CD27-4A31-A73D-0274F56D581D}.Debug|Any CPU.Build.0 = Debug|Any CPU
		{FCF58F19-CD27-4A31-A73D-0274F56D581D}.Release|Any CPU.ActiveCfg = Release|Any CPU
		{FCF58F19-CD27-4A31-A73D-0274F56D581D}.Release|Any CPU.Build.0 = Release|Any CPU
		{A469B45C-5503-42E7-BC76-9EAB1576B1CF}.Debug|Any CPU.ActiveCfg = Debug|Any CPU
		{A469B45C-5503-42E7-BC76-9EAB1576B1CF}.Debug|Any CPU.Build.0 = Debug|Any CPU
		{A469B45C-5503-42E7-BC76-9EAB1576B1CF}.Release|Any CPU.ActiveCfg = Release|Any CPU
		{A469B45C-5503-42E7-BC76-9EAB1576B1CF}.Release|Any CPU.Build.0 = Release|Any CPU
		{27573764-81F8-4628-B5D2-4907FA0200CB}.Debug|Any CPU.ActiveCfg = Debug|Any CPU
		{27573764-81F8-4628-B5D2-4907FA0200CB}.Debug|Any CPU.Build.0 = Debug|Any CPU
		{27573764-81F8-4628-B5D2-4907FA0200CB}.Release|Any CPU.ActiveCfg = Release|Any CPU
		{27573764-81F8-4628-B5D2-4907FA0200CB}.Release|Any CPU.Build.0 = Release|Any CPU
		{3DB49BAE-5F4A-4627-900D-DBC1012F8E4D}.Debug|Any CPU.ActiveCfg = Debug|Any CPU
		{3DB49BAE-5F4A-4627-900D-DBC1012F8E4D}.Debug|Any CPU.Build.0 = Debug|Any CPU
		{3DB49BAE-5F4A-4627-900D-DBC1012F8E4D}.Release|Any CPU.ActiveCfg = Release|Any CPU
		{3DB49BAE-5F4A-4627-900D-DBC1012F8E4D}.Release|Any CPU.Build.0 = Release|Any CPU
		{77550C0A-872D-4FDE-8221-FF66860C02E2}.Debug|Any CPU.ActiveCfg = Debug|Any CPU
		{77550C0A-872D-4FDE-8221-FF66860C02E2}.Debug|Any CPU.Build.0 = Debug|Any CPU
		{77550C0A-872D-4FDE-8221-FF66860C02E2}.Release|Any CPU.ActiveCfg = Release|Any CPU
		{77550C0A-872D-4FDE-8221-FF66860C02E2}.Release|Any CPU.Build.0 = Release|Any CPU
	EndGlobalSection
	GlobalSection(SolutionProperties) = preSolution
		HideSolutionNode = FALSE
	EndGlobalSection
	GlobalSection(ExtensibilityGlobals) = postSolution
		SolutionGuid = {AD202CDE-3A92-4041-9C14-C75F97467541}
	EndGlobalSection
EndGlobal
